
Microsoft Visual Studio Solution File, Format Version 12.00
# Visual Studio 15
VisualStudioVersion = 15.0.26124.0
MinimumVisualStudioVersion = 15.0.26124.0
Project("{FAE04EC0-301F-11D3-BF4B-00C04F79EFBC}") = "GameTop", "GameTop\GameTop.csproj", "{7DA89C98-2E05-44EA-A254-2E8EF34D50DE}"
EndProject
Project("{FAE04EC0-301F-11D3-BF4B-00C04F79EFBC}") = "GameTop.Lib", "GameTop.Lib\GameTop.Lib.csproj", "{D27178E6-F724-467E-88C5-D61A9503F6C0}"
EndProject
Project("{FAE04EC0-301F-11D3-BF4B-00C04F79EFBC}") = "GameTop.Interface", "GameTop.Interface\GameTop.Interface.csproj", "{0B762BE1-41B2-446D-B184-39F1C4A2561C}"
EndProject
Global
	GlobalSection(SolutionConfigurationPlatforms) = preSolution
		Debug|Any CPU = Debug|Any CPU
		Debug|x64 = Debug|x64
		Debug|x86 = Debug|x86
		Release|Any CPU = Release|Any CPU
		Release|x64 = Release|x64
		Release|x86 = Release|x86
	EndGlobalSection
	GlobalSection(SolutionProperties) = preSolution
		HideSolutionNode = FALSE
	EndGlobalSection
	GlobalSection(ProjectConfigurationPlatforms) = postSolution
		{7DA89C98-2E05-44EA-A254-2E8EF34D50DE}.Debug|Any CPU.ActiveCfg = Debug|Any CPU
		{7DA89C98-2E05-44EA-A254-2E8EF34D50DE}.Debug|Any CPU.Build.0 = Debug|Any CPU
		{7DA89C98-2E05-44EA-A254-2E8EF34D50DE}.Debug|x64.ActiveCfg = Debug|Any CPU
		{7DA89C98-2E05-44EA-A254-2E8EF34D50DE}.Debug|x64.Build.0 = Debug|Any CPU
		{7DA89C98-2E05-44EA-A254-2E8EF34D50DE}.Debug|x86.ActiveCfg = Debug|Any CPU
		{7DA89C98-2E05-44EA-A254-2E8EF34D50DE}.Debug|x86.Build.0 = Debug|Any CPU
		{7DA89C98-2E05-44EA-A254-2E8EF34D50DE}.Release|Any CPU.ActiveCfg = Release|Any CPU
		{7DA89C98-2E05-44EA-A254-2E8EF34D50DE}.Release|Any CPU.Build.0 = Release|Any CPU
		{7DA89C98-2E05-44EA-A254-2E8EF34D50DE}.Release|x64.ActiveCfg = Release|Any CPU
		{7DA89C98-2E05-44EA-A254-2E8EF34D50DE}.Release|x64.Build.0 = Release|Any CPU
		{7DA89C98-2E05-44EA-A254-2E8EF34D50DE}.Release|x86.ActiveCfg = Release|Any CPU
		{7DA89C98-2E05-44EA-A254-2E8EF34D50DE}.Release|x86.Build.0 = Release|Any CPU
		{D27178E6-F724-467E-88C5-D61A9503F6C0}.Debug|Any CPU.ActiveCfg = Debug|Any CPU
		{D27178E6-F724-467E-88C5-D61A9503F6C0}.Debug|Any CPU.Build.0 = Debug|Any CPU
		{D27178E6-F724-467E-88C5-D61A9503F6C0}.Debug|x64.ActiveCfg = Debug|Any CPU
		{D27178E6-F724-467E-88C5-D61A9503F6C0}.Debug|x64.Build.0 = Debug|Any CPU
		{D27178E6-F724-467E-88C5-D61A9503F6C0}.Debug|x86.ActiveCfg = Debug|Any CPU
		{D27178E6-F724-467E-88C5-D61A9503F6C0}.Debug|x86.Build.0 = Debug|Any CPU
		{D27178E6-F724-467E-88C5-D61A9503F6C0}.Release|Any CPU.ActiveCfg = Release|Any CPU
		{D27178E6-F724-467E-88C5-D61A9503F6C0}.Release|Any CPU.Build.0 = Release|Any CPU
		{D27178E6-F724-467E-88C5-D61A9503F6C0}.Release|x64.ActiveCfg = Release|Any CPU
		{D27178E6-F724-467E-88C5-D61A9503F6C0}.Release|x64.Build.0 = Release|Any CPU
		{D27178E6-F724-467E-88C5-D61A9503F6C0}.Release|x86.ActiveCfg = Release|Any CPU
		{D27178E6-F724-467E-88C5-D61A9503F6C0}.Release|x86.Build.0 = Release|Any CPU
		{0B762BE1-41B2-446D-B184-39F1C4A2561C}.Debug|Any CPU.ActiveCfg = Debug|Any CPU
		{0B762BE1-41B2-446D-B184-39F1C4A2561C}.Debug|Any CPU.Build.0 = Debug|Any CPU
		{0B762BE1-41B2-446D-B184-39F1C4A2561C}.Debug|x64.ActiveCfg = Debug|Any CPU
		{0B762BE1-41B2-446D-B184-39F1C4A2561C}.Debug|x64.Build.0 = Debug|Any CPU
		{0B762BE1-41B2-446D-B184-39F1C4A2561C}.Debug|x86.ActiveCfg = Debug|Any CPU
		{0B762BE1-41B2-446D-B184-39F1C4A2561C}.Debug|x86.Build.0 = Debug|Any CPU
		{0B762BE1-41B2-446D-B184-39F1C4A2561C}.Release|Any CPU.ActiveCfg = Release|Any CPU
		{0B762BE1-41B2-446D-B184-39F1C4A2561C}.Release|Any CPU.Build.0 = Release|Any CPU
		{0B762BE1-41B2-446D-B184-39F1C4A2561C}.Release|x64.ActiveCfg = Release|Any CPU
		{0B762BE1-41B2-446D-B184-39F1C4A2561C}.Release|x64.Build.0 = Release|Any CPU
		{0B762BE1-41B2-446D-B184-39F1C4A2561C}.Release|x86.ActiveCfg = Release|Any CPU
		{0B762BE1-41B2-446D-B184-39F1C4A2561C}.Release|x86.Build.0 = Release|Any CPU
	EndGlobalSection
EndGlobal
